
Microsoft Visual Studio Solution File, Format Version 12.00
# Visual Studio 15
VisualStudioVersion = 15.0.27703.2018
MinimumVisualStudioVersion = 10.0.40219.1
Project("{FAE04EC0-301F-11D3-BF4B-00C04F79EFBC}") = "ProyectoF", "ProyectoF\ProyectoF.csproj", "{66156B37-9EAA-46FC-9C2C-D1B6B7434FB9}"
EndProject
Global
	GlobalSection(SolutionConfigurationPlatforms) = preSolution
		Debug|Any CPU = Debug|Any CPU
		Release|Any CPU = Release|Any CPU
	EndGlobalSection
	GlobalSection(ProjectConfigurationPlatforms) = postSolution
		{66156B37-9EAA-46FC-9C2C-D1B6B7434FB9}.Debug|Any CPU.ActiveCfg = Debug|Any CPU
		{66156B37-9EAA-46FC-9C2C-D1B6B7434FB9}.Debug|Any CPU.Build.0 = Debug|Any CPU
		{66156B37-9EAA-46FC-9C2C-D1B6B7434FB9}.Release|Any CPU.ActiveCfg = Release|Any CPU
		{66156B37-9EAA-46FC-9C2C-D1B6B7434FB9}.Release|Any CPU.Build.0 = Release|Any CPU
	EndGlobalSection
	GlobalSection(SolutionProperties) = preSolution
		HideSolutionNode = FALSE
	EndGlobalSection
	GlobalSection(ExtensibilityGlobals) = postSolution
		SolutionGuid = {90F40E62-C181-4480-B268-08A514696586}
	EndGlobalSection
EndGlobal
